
Microsoft Visual Studio Solution File, Format Version 12.00
# Visual Studio 15
VisualStudioVersion = 15.0.26430.12
MinimumVisualStudioVersion = 10.0.40219.1
Project("{2150E333-8FDC-42A3-9474-1A3956D46DE8}") = "0 - Presentation", "0 - Presentation", "{20AFCF4B-C3B9-4A11-8EBF-A81EE6FA6F0B}"
EndProject
Project("{9A19103F-16F7-4668-BE54-9A1E7A4F7556}") = "cEs.Portal", "cEs.Portal\cEs.Portal.csproj", "{99B3F66B-38E0-42D0-A1AC-976F5B628587}"
EndProject
Project("{2150E333-8FDC-42A3-9474-1A3956D46DE8}") = "3 _ Domain", "3 _ Domain", "{61477287-A3E6-4CBE-B7CF-5E6A5DC6860B}"
EndProject
Project("{2150E333-8FDC-42A3-9474-1A3956D46DE8}") = "4 - DataAccess", "4 - DataAccess", "{A3970683-9460-41AF-8B97-D87107AC2004}"
EndProject
Project("{9A19103F-16F7-4668-BE54-9A1E7A4F7556}") = "cEs.DataAccess", "Data\cEs.DataAccess\cEs.DataAccess.csproj", "{5743A8D6-2FF9-48A4-B45E-31BB374E0966}"
EndProject
Project("{2150E333-8FDC-42A3-9474-1A3956D46DE8}") = "5 - Infra", "5 - Infra", "{722631EA-8003-4912-9B42-76D21C1E104E}"
EndProject
Project("{9A19103F-16F7-4668-BE54-9A1E7A4F7556}") = "cEs.Infra", "Infra\cEs.Infra\cEs.Infra.csproj", "{472BA892-F62D-4F77-9F3C-974AC8876E05}"
EndProject
Project("{9A19103F-16F7-4668-BE54-9A1E7A4F7556}") = "cEs.Infra.Authentication", "Infra\cEs.Infra.Authentication\cEs.Infra.Authentication.csproj", "{63586BE6-04CB-4422-80BA-41773AE7E06C}"
EndProject
Project("{9A19103F-16F7-4668-BE54-9A1E7A4F7556}") = "cEs.Infra.Configuracoes", "Infra\cEs.Infra.Configuracoes\cEs.Infra.Configuracoes.csproj", "{351B35B3-C94B-4CC0-B303-B17CCA3399B3}"
EndProject
Project("{9A19103F-16F7-4668-BE54-9A1E7A4F7556}") = "cEs.Infra.Email", "Infra\cEs.Infra.Email\cEs.Infra.Email.csproj", "{F8C3ACFC-0041-4398-9FDC-E5F831ABFAAF}"
EndProject
Project("{2150E333-8FDC-42A3-9474-1A3956D46DE8}") = "1 - Application", "1 - Application", "{F512EECC-83DF-4166-8BAC-577522947668}"
EndProject
Project("{9A19103F-16F7-4668-BE54-9A1E7A4F7556}") = "cEs.Application", "cEs.Application\cEs.Application.csproj", "{D26EA2CF-53C8-454D-9BB8-FA2101C84E4A}"
EndProject
Project("{9A19103F-16F7-4668-BE54-9A1E7A4F7556}") = "cEs.Domain", "Domain\cEs.Domain\cEs.Domain.csproj", "{5FD9E570-E3D3-45D0-AD39-4F02388EE0EB}"
EndProject
Global
	GlobalSection(SolutionConfigurationPlatforms) = preSolution
		Debug|Any CPU = Debug|Any CPU
		Release|Any CPU = Release|Any CPU
	EndGlobalSection
	GlobalSection(ProjectConfigurationPlatforms) = postSolution
		{99B3F66B-38E0-42D0-A1AC-976F5B628587}.Debug|Any CPU.ActiveCfg = Debug|Any CPU
		{99B3F66B-38E0-42D0-A1AC-976F5B628587}.Debug|Any CPU.Build.0 = Debug|Any CPU
		{99B3F66B-38E0-42D0-A1AC-976F5B628587}.Release|Any CPU.ActiveCfg = Release|Any CPU
		{99B3F66B-38E0-42D0-A1AC-976F5B628587}.Release|Any CPU.Build.0 = Release|Any CPU
		{5743A8D6-2FF9-48A4-B45E-31BB374E0966}.Debug|Any CPU.ActiveCfg = Debug|Any CPU
		{5743A8D6-2FF9-48A4-B45E-31BB374E0966}.Debug|Any CPU.Build.0 = Debug|Any CPU
		{5743A8D6-2FF9-48A4-B45E-31BB374E0966}.Release|Any CPU.ActiveCfg = Release|Any CPU
		{5743A8D6-2FF9-48A4-B45E-31BB374E0966}.Release|Any CPU.Build.0 = Release|Any CPU
		{472BA892-F62D-4F77-9F3C-974AC8876E05}.Debug|Any CPU.ActiveCfg = Debug|Any CPU
		{472BA892-F62D-4F77-9F3C-974AC8876E05}.Debug|Any CPU.Build.0 = Debug|Any CPU
		{472BA892-F62D-4F77-9F3C-974AC8876E05}.Release|Any CPU.ActiveCfg = Release|Any CPU
		{472BA892-F62D-4F77-9F3C-974AC8876E05}.Release|Any CPU.Build.0 = Release|Any CPU
		{63586BE6-04CB-4422-80BA-41773AE7E06C}.Debug|Any CPU.ActiveCfg = Debug|Any CPU
		{63586BE6-04CB-4422-80BA-41773AE7E06C}.Debug|Any CPU.Build.0 = Debug|Any CPU
		{63586BE6-04CB-4422-80BA-41773AE7E06C}.Release|Any CPU.ActiveCfg = Release|Any CPU
		{63586BE6-04CB-4422-80BA-41773AE7E06C}.Release|Any CPU.Build.0 = Release|Any CPU
		{351B35B3-C94B-4CC0-B303-B17CCA3399B3}.Debug|Any CPU.ActiveCfg = Debug|Any CPU
		{351B35B3-C94B-4CC0-B303-B17CCA3399B3}.Debug|Any CPU.Build.0 = Debug|Any CPU
		{351B35B3-C94B-4CC0-B303-B17CCA3399B3}.Release|Any CPU.ActiveCfg = Release|Any CPU
		{351B35B3-C94B-4CC0-B303-B17CCA3399B3}.Release|Any CPU.Build.0 = Release|Any CPU
		{F8C3ACFC-0041-4398-9FDC-E5F831ABFAAF}.Debug|Any CPU.ActiveCfg = Debug|Any CPU
		{F8C3ACFC-0041-4398-9FDC-E5F831ABFAAF}.Debug|Any CPU.Build.0 = Debug|Any CPU
		{F8C3ACFC-0041-4398-9FDC-E5F831ABFAAF}.Release|Any CPU.ActiveCfg = Release|Any CPU
		{F8C3ACFC-0041-4398-9FDC-E5F831ABFAAF}.Release|Any CPU.Build.0 = Release|Any CPU
		{D26EA2CF-53C8-454D-9BB8-FA2101C84E4A}.Debug|Any CPU.ActiveCfg = Debug|Any CPU
		{D26EA2CF-53C8-454D-9BB8-FA2101C84E4A}.Debug|Any CPU.Build.0 = Debug|Any CPU
		{D26EA2CF-53C8-454D-9BB8-FA2101C84E4A}.Release|Any CPU.ActiveCfg = Release|Any CPU
		{D26EA2CF-53C8-454D-9BB8-FA2101C84E4A}.Release|Any CPU.Build.0 = Release|Any CPU
		{5FD9E570-E3D3-45D0-AD39-4F02388EE0EB}.Debug|Any CPU.ActiveCfg = Debug|Any CPU
		{5FD9E570-E3D3-45D0-AD39-4F02388EE0EB}.Debug|Any CPU.Build.0 = Debug|Any CPU
		{5FD9E570-E3D3-45D0-AD39-4F02388EE0EB}.Release|Any CPU.ActiveCfg = Release|Any CPU
		{5FD9E570-E3D3-45D0-AD39-4F02388EE0EB}.Release|Any CPU.Build.0 = Release|Any CPU
	EndGlobalSection
	GlobalSection(SolutionProperties) = preSolution
		HideSolutionNode = FALSE
	EndGlobalSection
	GlobalSection(NestedProjects) = preSolution
		{99B3F66B-38E0-42D0-A1AC-976F5B628587} = {20AFCF4B-C3B9-4A11-8EBF-A81EE6FA6F0B}
		{61477287-A3E6-4CBE-B7CF-5E6A5DC6860B} = {722631EA-8003-4912-9B42-76D21C1E104E}
		{5743A8D6-2FF9-48A4-B45E-31BB374E0966} = {A3970683-9460-41AF-8B97-D87107AC2004}
		{472BA892-F62D-4F77-9F3C-974AC8876E05} = {722631EA-8003-4912-9B42-76D21C1E104E}
		{63586BE6-04CB-4422-80BA-41773AE7E06C} = {722631EA-8003-4912-9B42-76D21C1E104E}
		{351B35B3-C94B-4CC0-B303-B17CCA3399B3} = {722631EA-8003-4912-9B42-76D21C1E104E}
		{F8C3ACFC-0041-4398-9FDC-E5F831ABFAAF} = {722631EA-8003-4912-9B42-76D21C1E104E}
		{D26EA2CF-53C8-454D-9BB8-FA2101C84E4A} = {F512EECC-83DF-4166-8BAC-577522947668}
		{5FD9E570-E3D3-45D0-AD39-4F02388EE0EB} = {61477287-A3E6-4CBE-B7CF-5E6A5DC6860B}
	EndGlobalSection
EndGlobal
